
Microsoft Visual Studio Solution File, Format Version 12.00
# Visual Studio 15
VisualStudioVersion = 15.0.27703.2042
MinimumVisualStudioVersion = 10.0.40219.1
Project("{9A19103F-16F7-4668-BE54-9A1E7A4F7556}") = "Symbiosis.Json.Tools", "Symbiosis.Json.Tools\Symbiosis.Json.Tools.csproj", "{12125EC6-8E24-49F3-BA76-34168207E959}"
EndProject
Project("{9A19103F-16F7-4668-BE54-9A1E7A4F7556}") = "Symbiosis.Json.Tools.Abstractions", "Symbiosis.Json.Tools.Abstractions\Symbiosis.Json.Tools.Abstractions.csproj", "{5CC55C5A-1A64-4326-9FB4-FEEA7C04A019}"
EndProject
Global
	GlobalSection(SolutionConfigurationPlatforms) = preSolution
		Debug|Any CPU = Debug|Any CPU
		Release|Any CPU = Release|Any CPU
	EndGlobalSection
	GlobalSection(ProjectConfigurationPlatforms) = postSolution
		{12125EC6-8E24-49F3-BA76-34168207E959}.Debug|Any CPU.ActiveCfg = Debug|Any CPU
		{12125EC6-8E24-49F3-BA76-34168207E959}.Debug|Any CPU.Build.0 = Debug|Any CPU
		{12125EC6-8E24-49F3-BA76-34168207E959}.Release|Any CPU.ActiveCfg = Release|Any CPU
		{12125EC6-8E24-49F3-BA76-34168207E959}.Release|Any CPU.Build.0 = Release|Any CPU
		{5CC55C5A-1A64-4326-9FB4-FEEA7C04A019}.Debug|Any CPU.ActiveCfg = Debug|Any CPU
		{5CC55C5A-1A64-4326-9FB4-FEEA7C04A019}.Debug|Any CPU.Build.0 = Debug|Any CPU
		{5CC55C5A-1A64-4326-9FB4-FEEA7C04A019}.Release|Any CPU.ActiveCfg = Release|Any CPU
		{5CC55C5A-1A64-4326-9FB4-FEEA7C04A019}.Release|Any CPU.Build.0 = Release|Any CPU
	EndGlobalSection
	GlobalSection(SolutionProperties) = preSolution
		HideSolutionNode = FALSE
	EndGlobalSection
	GlobalSection(ExtensibilityGlobals) = postSolution
		SolutionGuid = {3F0CAE7B-C81F-4C7A-8D27-921B40423017}
	EndGlobalSection
EndGlobal
